
Microsoft Visual Studio Solution File, Format Version 12.00
# Visual Studio Version 16
VisualStudioVersion = 16.0.29411.108
MinimumVisualStudioVersion = 10.0.40219.1
Project("{FAE04EC0-301F-11D3-BF4B-00C04F79EFBC}") = "Try", "Try\Try.csproj", "{EA8AC4FD-CE00-45B5-ADD2-B1F338DE36E2}"
EndProject
Project("{FAE04EC0-301F-11D3-BF4B-00C04F79EFBC}") = "TryTests", "TryTests\TryTests.csproj", "{8D6CB16F-FC8C-496F-AF37-4C9AE3004CA6}"
EndProject
Global
	GlobalSection(SolutionConfigurationPlatforms) = preSolution
		Debug|Any CPU = Debug|Any CPU
		Release|Any CPU = Release|Any CPU
	EndGlobalSection
	GlobalSection(ProjectConfigurationPlatforms) = postSolution
		{EA8AC4FD-CE00-45B5-ADD2-B1F338DE36E2}.Debug|Any CPU.ActiveCfg = Debug|Any CPU
		{EA8AC4FD-CE00-45B5-ADD2-B1F338DE36E2}.Debug|Any CPU.Build.0 = Debug|Any CPU
		{EA8AC4FD-CE00-45B5-ADD2-B1F338DE36E2}.Release|Any CPU.ActiveCfg = Release|Any CPU
		{EA8AC4FD-CE00-45B5-ADD2-B1F338DE36E2}.Release|Any CPU.Build.0 = Release|Any CPU
		{8D6CB16F-FC8C-496F-AF37-4C9AE3004CA6}.Debug|Any CPU.ActiveCfg = Debug|Any CPU
		{8D6CB16F-FC8C-496F-AF37-4C9AE3004CA6}.Debug|Any CPU.Build.0 = Debug|Any CPU
		{8D6CB16F-FC8C-496F-AF37-4C9AE3004CA6}.Release|Any CPU.ActiveCfg = Release|Any CPU
		{8D6CB16F-FC8C-496F-AF37-4C9AE3004CA6}.Release|Any CPU.Build.0 = Release|Any CPU
	EndGlobalSection
	GlobalSection(SolutionProperties) = preSolution
		HideSolutionNode = FALSE
	EndGlobalSection
	GlobalSection(ExtensibilityGlobals) = postSolution
		SolutionGuid = {6D8FED6A-1CD1-4179-8896-FC079F09D6DD}
	EndGlobalSection
EndGlobal
